PODS:
  - CocoaLumberjack (1.9.2):
    - CocoaLumberjack/Extensions (= 1.9.2)
  - CocoaLumberjack/Core (1.9.2)
  - CocoaLumberjack/Extensions (1.9.2):
    - CocoaLumberjack/Core
  - MessagePack (1.0.0)
  - QuickDialog (0.9.1)

DEPENDENCIES:
  - CocoaLumberjack (~> 1.9)
  - MessagePack (~> 1.0.0)
  - QuickDialog (~> 0.9.1)

SPEC CHECKSUMS:
  CocoaLumberjack: 205769c032b5fef85b92472046bcc8b7e7c8a817
  MessagePack: c55b65c05ad745847208d9809a4419afb8149f59
  QuickDialog: 8e6cb91067913194dfa187e339dc20dee8ee250f

COCOAPODS: 0.35.0
